{
    "_meta": {
        "hash": {
            "sha256": "90e54360b80000f245d490faa9a00c6b9ffdaeb0707d9ed298e8bd99262349e4"
        },
        "pipfile-spec": 6,
        "requires": {
            "python_version": "3.10"
        },
        "sources": [
            {
                "name": "pypi",
                "url": "https://pypi.org/simple",
                "verify_ssl": true
            }
        ]
    },
    "default": {
        "asgiref": {
            "hashes": [
                "sha256:1d2880b792ae8757289136f1db2b7b99100ce959b2aa57fd69dab783d05afac4",
                "sha256:4a29362a6acebe09bf1d6640db38c1dc3d9217c68e6f9f6204d72667fc19a424"
            ],
            "markers": "python_version >= '3.7'",
            "version": "==3.5.2"
        },
        "certifi": {
            "hashes": [
                "sha256:0d9c601124e5a6ba9712dbc60d9c53c21e34f5f641fe83002317394311bdce14",
                "sha256:90c1a32f1d68f940488354e36370f6cca89f0f106db09518524c88d6ed83f382"
            ],
            "markers": "python_full_version >= '3.6.0'",
            "version": "==2022.9.24"
        },
        "charset-normalizer": {
            "hashes": [
                "sha256:5a3d016c7c547f69d6f81fb0db9449ce888b418b5b9952cc5e6e66843e9dd845",
                "sha256:83e9a75d1911279afd89352c68b45348559d1fc0506b054b346651b5e7fee29f"
            ],
            "markers": "python_full_version >= '3.6.0'",
            "version": "==2.1.1"
        },
        "crispy-bootstrap5": {
            "hashes": [
                "sha256:0745a67199619149b7feca87dab7a45664876ed50fb582b38fd2aeb3f8a8d869",
                "sha256:f3ff1ef5cb379fe80b1b02e245008f276444098a4bdb8d855bed84c623798a85"
            ],
            "index": "pypi",
            "version": "==0.7"
        },
        "dj-database-url": {
            "hashes": [
                "sha256:ccf3e8718f75ddd147a1e212fca88eecdaa721759ee48e38b485481c77bca3dc",
                "sha256:cd354a3b7a9136d78d64c17b2aec369e2ae5616fbca6bfbe435ef15bb372ce39"
            ],
            "index": "pypi",
            "version": "==1.0.0"
        },
        "django": {
            "hashes": [
                "sha256:26dc24f99c8956374a054bcbf58aab8dc0cad2e6ac82b0fe036b752c00eee793",
                "sha256:b8d843714810ab88d59344507d4447be8b2cf12a49031363b6eed9f1b9b2280f"
            ],
            "index": "pypi",
            "version": "==4.1.2"
        },
        "django-appconf": {
            "hashes": [
                "sha256:ae9f864ee1958c815a965ed63b3fba4874eec13de10236ba063a788f9a17389d",
                "sha256:be3db0be6c81fa84742000b89a81c016d70ae66a7ccb620cdef592b1f1a6aaa4"
            ],
            "markers": "python_full_version >= '3.6.0'",
            "version": "==1.0.5"
        },
        "django-compressor": {
            "hashes": [
                "sha256:61f313852b4c8d4ef2534cda3d2366f45ca3e399b3cbe10590e516cc6b45542d",
                "sha256:8ece621d2a98f6c6635480cb8b3701db890a99f793f95ca20cb00abc194d331d"
            ],
            "version": "==4.1"
        },
        "django-crispy-forms": {
            "hashes": [
                "sha256:35887b8851a931374dd697207a8f56c57a9c5cb9dbf0b9fa54314da5666cea5b",
                "sha256:bc4d2037f6de602d39c0bc452ac3029d1f5d65e88458872cc4dbc01c3a400604"
            ],
            "index": "pypi",
            "version": "==1.14.0"
        },
        "django-environ": {
            "hashes": [
                "sha256:bff5381533056328c9ac02f71790bd5bf1cea81b1beeb648f28b81c9e83e0a21",
                "sha256:f21a5ef8cc603da1870bbf9a09b7e5577ab5f6da451b843dbcc721a7bca6b3d9"
            ],
            "index": "pypi",
            "version": "==0.9.0"
        },
        "django-formtools": {
            "hashes": [
                "sha256:deb932be55b1d9419e37dc4d65dfbfeb8d307b71c8c11fd52f159aba5fc0deed",
                "sha256:f5f32f62ec8192cd1bc55bd929ca7dff5a5f2addf9027db95a5906ecfaa64836"
            ],
            "index": "pypi",
            "version": "==2.4"
        },
        "django-libsass": {
            "hashes": [
                "sha256:5234d29100889cac79e36a0f44207ec6d275adfd2da1acb6a94b55c89fe2bd97",
                "sha256:bfbbb55a8950bb40fa04dd416605f92da34ad1f303b10a41abc3232386ec27b5"
            ],
            "index": "pypi",
            "version": "==0.9"
        },
        "django-polymorphic": {
            "hashes": [
                "sha256:08bc4f4f4a773a19b2deced5a56deddd1ef56ebd15207bf4052e2901c25ef57e",
                "sha256:d6955b5308bf6e41dcb22ba7c96f00b51dfa497a8a5ab1e9c06c7951bf417bf8"
            ],
            "index": "pypi",
            "version": "==3.1.0"
        },
        "django-safedelete": {
            "hashes": [
                "sha256:3c9ae91163b64ada0250d246d7b44780f51d4ddb84905a71878ccb4e5ec07093",
                "sha256:d655433ee2ce5c14accdbf85ff4188ee2aaadf651e062178d4cfc6acb4c30cf1"
            ],
            "index": "pypi",
            "version": "==1.3.1"
        },
        "djangorestframework": {
            "hashes": [
                "sha256:579a333e6256b09489cbe0a067e66abe55c6595d8926be6b99423786334350c8",
                "sha256:eb63f58c9f218e1a7d064d17a70751f528ed4e1d35547fdade9aaf4cd103fd08"
            ],
            "index": "pypi",
            "version": "==3.14.0"
        },
        "environ": {
            "hashes": [
                "sha256:052ded34331655b9c7982abd5681a066b9aaf9adf33b3412c7e842ce959e40b0",
                "sha256:4df7f1dfeb7d1c988d2e19a8bd5d547a526e0400aeb35adf732032472f35dcb0",
                "sha256:9266e62dd8004f3bf181b24c97aa129844e7e7ec87bf3ed06ef3888293212011"
            ],
            "index": "pypi",
            "version": "==1.0"
        },
        "faker": {
            "hashes": [
                "sha256:1dc2811f20e163892fefe7006f2ce00778f8099a40aee265bfa60a13400de63d",
                "sha256:aa7103805ae793277abbb85da9f6f05e76a1a295a9384a8e17c2fba2b3a690cb"
            ],
            "markers": "python_full_version >= '3.6.0'",
            "version": "==12.0.1"
        },
        "gunicorn": {
            "hashes": [
                "sha256:9dcc4547dbb1cb284accfb15ab5667a0e5d1881cc443e0677b4882a4067a807e",
                "sha256:e0a968b5ba15f8a328fdfd7ab1fcb5af4470c28aaf7e55df02a99bc13138e6e8"
            ],
            "index": "pypi",
            "version": "==20.1.0"
        },
        "hubspot-api-client": {
            "hashes": [
                "sha256:18716e41c979a3053d6e49c6ea944cddb5b7fd5db9a51ce8259442baf3924b81",
                "sha256:855d3507e72224eae5e15943615b0c8f9aa5ea746ccd2016e8190afb3250e848"
            ],
            "index": "pypi",
            "version": "==6.0.0"
        },
        "idna": {
            "hashes": [
                "sha256:814f528e8dead7d329833b91c5faa87d60bf71824cd12a7530b5526063d02cb4",
                "sha256:90b77e79eaa3eba6de819a0c442c0b4ceefc341a7a2ab77d7562bf49f425c5c2"
            ],
            "markers": "python_version >= '3.5'",
            "version": "==3.4"
        },
        "libsass": {
            "hashes": [
                "sha256:06c8776417fe930714bdc930a3d7e795ae3d72be6ac883ff72a1b8f7c49e5ffb",
                "sha256:12f39712de38689a8b785b7db41d3ba2ea1d46f9379d81ea4595802d91fa6529",
                "sha256:1e25dd9047a9392d3c59a0b869e0404f2b325a03871ee45285ee33b3664f5613",
                "sha256:659ae41af8708681fa3ec73f47b9735a6725e71c3b66ff570bfce78952f2314e",
                "sha256:6b984510ed94993708c0d697b4fef2d118929bbfffc3b90037be0f5ccadf55e7",
                "sha256:a005f298f64624f313a3ac618ab03f844c71d84ae4f4a4aec4b68d2a4ffe75eb",
                "sha256:abc29357ee540849faf1383e1746d40d69ed5cb6d4c346df276b258f5aa8977a",
                "sha256:c9ec490609752c1d81ff6290da33485aa7cb6d7365ac665b74464c1b7d97f7da",
                "sha256:d5ba529d9ce668be9380563279f3ffe988f27bc5b299c5a28453df2e0b0fbaf2",
                "sha256:e2b1a7d093f2e76dc694c17c0c285e846d0b0deb0e8b21dc852ba1a3a4e2f1d6"
            ],
            "version": "==0.21.0"
        },
        "mixer": {
            "hashes": [
                "sha256:8089b8e2d00288c77e622936198f5dd03c8ac1603a1530a4f870dc213363b2ae",
                "sha256:9b3f1a261b56d8f2394f39955f83adbc7ff3ab4bb1065ebfec19a10d3e8501e0"
            ],
            "index": "pypi",
            "version": "==7.2.2"
        },
        "psycopg2": {
            "hashes": [
                "sha256:07b90a24d5056687781ddaef0ea172fd951f2f7293f6ffdd03d4f5077801f426",
                "sha256:1da77c061bdaab450581458932ae5e469cc6e36e0d62f988376e9f513f11cb5c",
                "sha256:46361c054df612c3cc813fdb343733d56543fb93565cff0f8ace422e4da06acb",
                "sha256:839f9ea8f6098e39966d97fcb8d08548fbc57c523a1e27a1f0609addf40f777c",
                "sha256:849bd868ae3369932127f0771c08d1109b254f08d48dc42493c3d1b87cb2d308",
                "sha256:8de6a9fc5f42fa52f559e65120dcd7502394692490c98fed1221acf0819d7797",
                "sha256:a11946bad3557ca254f17357d5a4ed63bdca45163e7a7d2bfb8e695df069cc3a",
                "sha256:aa184d551a767ad25df3b8d22a0a62ef2962e0e374c04f6cbd1204947f540d61",
                "sha256:aafa96f2da0071d6dd0cbb7633406d99f414b40ab0f918c9d9af7df928a1accb",
                "sha256:c7fa041b4acb913f6968fce10169105af5200f296028251d817ab37847c30184",
                "sha256:d529926254e093a1b669f692a3aa50069bc71faf5b0ecd91686a78f62767d52f"
            ],
            "index": "pypi",
            "version": "==2.9.4"
        },
        "python-dateutil": {
            "hashes": [
                "sha256:0123cacc1627ae19ddf3c27a5de5bd67ee4586fbdd6440d9748f8abb483d3e86",
                "sha256:961d03dc3453ebbc59dbdea9e4e11c5651520a876d0f4db161e8674aae935da9"
            ],
            "markers": "python_version >= '2.7' and python_version not in '3.0, 3.1, 3.2, 3.3'",
            "version": "==2.8.2"
        },
        "python-http-client": {
            "hashes": [
                "sha256:ad371d2bbedc6ea15c26179c6222a78bc9308d272435ddf1d5c84f068f249a36",
                "sha256:bf841ee45262747e00dec7ee9971dfb8c7d83083f5713596488d67739170cea0"
            ],
            "markers": "python_version >= '2.7' and python_version not in '3.0, 3.1, 3.2, 3.3'",
            "version": "==3.3.7"
        },
        "pytz": {
            "hashes": [
                "sha256:2c0784747071402c6e99f0bafdb7da0fa22645f06554c7ae06bf6358897e9c91",
                "sha256:48ce799d83b6f8aab2020e369b627446696619e79645419610b9facd909b3174"
            ],
            "version": "==2022.4"
        },
        "rcssmin": {
            "hashes": [
                "sha256:0a6aae7e119509445bf7aa6da6ca0f285cc198273c20f470ad999ff83bbadcf9",
                "sha256:1512223b6a687bb747e4e531187bd49a56ed71287e7ead9529cbaa1ca4718a0a",
                "sha256:1d7c2719d014e4e4df4e33b75ae8067c7e246cf470eaec8585e06e2efac7586c",
                "sha256:2211a5c91ea14a5937b57904c9121f8bfef20987825e55368143da7d25446e3b",
                "sha256:27fc400627fd3d328b7fe95af2a01f5d0af6b5af39731af5d071826a1f08e362",
                "sha256:30f5522285065cae0164d20068377d84b5d10b414156115f8729b034d0ea5e8b",
                "sha256:32ccaebbbd4d56eab08cf26aed36f5d33389b9d1d3ca1fecf53eb6ab77760ddf",
                "sha256:352dd3a78eb914bb1cb269ac2b66b3154f2490a52ab605558c681de3fb5194d2",
                "sha256:37f1242e34ca273ed2c26cf778854e18dd11b31c6bfca60e23fce146c84667c1",
                "sha256:49807735f26f59404194f1e6f93254b6d5b6f7748c2a954f4470a86a40ff4c13",
                "sha256:506e33ab4c47051f7deae35b6d8dbb4a5c025f016e90a830929a1ecc7daa1682",
                "sha256:6158d0d86cd611c5304d738dc3d6cfeb23864dd78ad0d83a633f443696ac5d77",
                "sha256:7085d1b51dd2556f3aae03947380f6e9e1da29fb1eeadfa6766b7f105c54c9ff",
                "sha256:7c44002b79f3656348196005b9522ec5e04f182b466f66d72b16be0bd03c13d8",
                "sha256:7da63fee37edf204bbd86785edb4d7491642adbfd1d36fd230b7ccbbd8db1a6f",
                "sha256:8b659a88850e772c84cfac4520ec223de6807875e173d8ef3248ab7f90876066",
                "sha256:c28b9eb20982b45ebe6adef8bd2547e5ed314dafddfff4eba806b0f8c166cfd1",
                "sha256:ddff3a41611664c7f1d9e3d8a9c1669e0e155ac0458e586ffa834dc5953e7d9f",
                "sha256:f1a37bbd36b050813673e62ae6464467548628690bf4d48a938170e121e8616e",
                "sha256:f31c82d06ba2dbf33c20db9550157e80bb0c4cbd24575c098f0831d1d2e3c5df"
            ],
            "version": "==1.1.0"
        },
        "requests": {
            "hashes": [
                "sha256:7c5599b102feddaa661c826c56ab4fee28bfd17f5abca1ebbe3e7f19d7c97983",
                "sha256:8fefa2a1a1365bf5520aac41836fbee479da67864514bdb821f31ce07ce65349"
            ],
            "markers": "python_version >= '3.0'",
            "version": "==2.28.1"
        },
        "rjsmin": {
            "hashes": [
                "sha256:05efa485dfddb6418e3b86d8862463aa15641a61f6ae05e7e6de8f116ee77c69",
                "sha256:1622fbb6c6a8daaf77da13cc83356539bfe79c1440f9664b02c7f7b150b9a18e",
                "sha256:1c93b29fd725e61718299ffe57de93ff32d71b313eaabbfcc7bd32ddb82831d5",
                "sha256:2ed83aca637186bafdc894b4b7fc3657e2d74014ccca7d3d69122c1e82675216",
                "sha256:38a4474ed52e1575fb9da983ec8657faecd8ab3738508d36e04f87769411fd3d",
                "sha256:3b14f4c2933ec194eb816b71a0854ce461b6419a3d852bf360344731ab28c0a6",
                "sha256:40e7211a25d9a11ac9ff50446e41268c978555676828af86fa1866615823bfff",
                "sha256:41c7c3910f7b8816e37366b293e576ddecf696c5f2197d53cf2c1526ac336646",
                "sha256:4387a00777faddf853eebdece9f2e56ebaf243c3f24676a9de6a20c5d4f3d731",
                "sha256:54fc30519365841b27556ccc1cb94c5b4413c384ff6d467442fddba66e2e325a",
                "sha256:6c395ffc130332cca744f081ed5efd5699038dcb7a5d30c3ff4bc6adb5b30a62",
                "sha256:6c529feb6c400984452494c52dd9fdf59185afeacca2afc5174a28ab37751a1b",
                "sha256:86c4da7285ddafe6888cb262da563570f28e4a31146b5164a7a6947b1222196b",
                "sha256:8944a8a55ac825b8e5ec29f341ecb7574697691ef416506885898d2f780fb4ca",
                "sha256:993935654c1311280e69665367d7e6ff694ac9e1609168cf51cae8c0307df0db",
                "sha256:99e5597a812b60058baa1457387dc79cca7d273b2a700dc98bfd20d43d60711d",
                "sha256:b6a7c8c8d19e154334f640954e43e57283e87bb4a2f6e23295db14eea8e9fc1d",
                "sha256:c81229ffe5b0a0d5b3b5d5e6d0431f182572de9e9a077e85dbae5757db0ab75c",
                "sha256:d63e193a2f932a786ae82068aa76d1d126fcdff8582094caff9e5e66c4dcc124",
                "sha256:e18fe1a610fb105273bb369f61c2b0bd9e66a3f0792e27e4cac44e42ace1968b"
            ],
            "version": "==1.2.0"
        },
        "sendgrid": {
            "hashes": [
                "sha256:ba8d3d39e1f392b9434365d53983b2fc6a458ae0496d2d9e103c15e1743ab66b",
                "sha256:fa30411c627690fecd0ef6b1d4e1783f2d0272aa14b5fffb133ebd1e31114f16"
            ],
            "index": "pypi",
            "version": "==6.9.7"
        },
        "sentry-sdk": {
            "hashes": [
                "sha256:2469240f6190aaebcb453033519eae69cfe8cc602065b4667e18ee14fc1e35dc",
                "sha256:4fbace9a763285b608c06f01a807b51acb35f6059da6a01236654e08b0ee81ff"
            ],
            "index": "pypi",
            "version": "==1.9.10"
        },
        "setuptools": {
            "hashes": [
                "sha256:1b6bdc6161661409c5f21508763dc63ab20a9ac2f8ba20029aaaa7fdb9118012",
                "sha256:3050e338e5871e70c72983072fe34f6032ae1cdeeeb67338199c2f74e083a80e"
            ],
            "markers": "python_version >= '3.7'",
            "version": "==65.4.1"
        },
        "six": {
            "hashes": [
                "sha256:1e61c37477a1626458e36f7b1d82aa5c9b094fa4802892072e49de9c60c4c926",
                "sha256:8abb2f1d86890a2dfb989f9a77cfcfd3e47c2a354b01111771326f8aa26e0254"
            ],
            "markers": "python_version >= '2.7' and python_version not in '3.0, 3.1, 3.2, 3.3'",
            "version": "==1.16.0"
        },
        "slack-sdk": {
            "hashes": [
                "sha256:5db78a3ed3c58b3b0a2bdbe40bac43c7b00edcbc12ff6a7778ac5cbe3a3a2899",
                "sha256:a0bafb9e53ffbc408a8b5a42443525aac2c0c7347223d9373dd9d41cf90c9343"
            ],
            "index": "pypi",
            "version": "==3.19.1"
        },
        "sqlparse": {
            "hashes": [
                "sha256:0323c0ec29cd52bceabc1b4d9d579e311f3e4961b98d174201d5622a23b85e34",
                "sha256:69ca804846bb114d2ec380e4360a8a340db83f0ccf3afceeb1404df028f57268"
            ],
            "markers": "python_version >= '3.5'",
            "version": "==0.4.3"
        },
        "starkbank-ecdsa": {
            "hashes": [
                "sha256:24422395e8682ac22a5b20ba3d7418d62e1a927aef29e8ddb5e678662be6b643"
            ],
            "version": "==2.1.0"
        },
        "stripe": {
            "hashes": [
                "sha256:8ce03bfc099465740e33890000c454e79316c8730e45ad1efbaec3d52a019d05",
                "sha256:f0134704bd4e9410fae25034836dc6f5849d92c0f9083d58d43e01b3e631ac4c"
            ],
            "index": "pypi",
            "version": "==4.2.0"
        },
        "urllib3": {
            "hashes": [
                "sha256:3fa96cf423e6987997fc326ae8df396db2a8b7c667747d47ddd8ecba91f4a74e",
                "sha256:b930dd878d5a8afb066a637fbb35144fe7901e3b209d1cd4f524bd0e9deee997"
            ],
            "markers": "python_full_version >= '3.6.0'",
            "version": "==1.26.12"
        },
        "whitenoise": {
            "hashes": [
                "sha256:8e9c600a5c18bd17655ef668ad55b5edf6c24ce9bdca5bf607649ca4b1e8e2c2",
                "sha256:8fa943c6d4cd9e27673b70c21a07b0aa120873901e099cd46cab40f7cc96d567"
            ],
            "index": "pypi",
            "version": "==6.2.0"
        }
    },
    "develop": {
        "attrs": {
            "hashes": [
                "sha256:29adc2665447e5191d0e7c568fde78b21f9672d344281d0c6e1ab085429b22b6",
                "sha256:86efa402f67bf2df34f51a335487cf46b1ec130d02b8d39fd248abfd30da551c"
            ],
            "markers": "python_version >= '3.5'",
            "version": "==22.1.0"
        },
        "coverage": {
            "extras": [
                "toml"
            ],
            "hashes": [
                "sha256:027018943386e7b942fa832372ebc120155fd970837489896099f5cfa2890f79",
                "sha256:11b990d520ea75e7ee8dcab5bc908072aaada194a794db9f6d7d5cfd19661e5a",
                "sha256:12adf310e4aafddc58afdb04d686795f33f4d7a6fa67a7a9d4ce7d6ae24d949f",
                "sha256:1431986dac3923c5945271f169f59c45b8802a114c8f548d611f2015133df77a",
                "sha256:1ef221513e6f68b69ee9e159506d583d31aa3567e0ae84eaad9d6ec1107dddaa",
                "sha256:20c8ac5386253717e5ccc827caad43ed66fea0efe255727b1053a8154d952398",
                "sha256:2198ea6fc548de52adc826f62cb18554caedfb1d26548c1b7c88d8f7faa8f6ba",
                "sha256:255758a1e3b61db372ec2736c8e2a1fdfaf563977eedbdf131de003ca5779b7d",
                "sha256:265de0fa6778d07de30bcf4d9dc471c3dc4314a23a3c6603d356a3c9abc2dfcf",
                "sha256:33a7da4376d5977fbf0a8ed91c4dffaaa8dbf0ddbf4c8eea500a2486d8bc4d7b",
                "sha256:42eafe6778551cf006a7c43153af1211c3aaab658d4d66fa5fcc021613d02518",
                "sha256:4433b90fae13f86fafff0b326453dd42fc9a639a0d9e4eec4d366436d1a41b6d",
                "sha256:4a5375e28c5191ac38cca59b38edd33ef4cc914732c916f2929029b4bfb50795",
                "sha256:4a8dbc1f0fbb2ae3de73eb0bdbb914180c7abfbf258e90b311dcd4f585d44bd2",
                "sha256:59f53f1dc5b656cafb1badd0feb428c1e7bc19b867479ff72f7a9dd9b479f10e",
                "sha256:5dbec3b9095749390c09ab7c89d314727f18800060d8d24e87f01fb9cfb40b32",
                "sha256:633713d70ad6bfc49b34ead4060531658dc6dfc9b3eb7d8a716d5873377ab745",
                "sha256:6b07130585d54fe8dff3d97b93b0e20290de974dc8177c320aeaf23459219c0b",
                "sha256:6c4459b3de97b75e3bd6b7d4b7f0db13f17f504f3d13e2a7c623786289dd670e",
                "sha256:6d4817234349a80dbf03640cec6109cd90cba068330703fa65ddf56b60223a6d",
                "sha256:723e8130d4ecc8f56e9a611e73b31219595baa3bb252d539206f7bbbab6ffc1f",
                "sha256:784f53ebc9f3fd0e2a3f6a78b2be1bd1f5575d7863e10c6e12504f240fd06660",
                "sha256:7b6be138d61e458e18d8e6ddcddd36dd96215edfe5f1168de0b1b32635839b62",
                "sha256:7ccf362abd726b0410bf8911c31fbf97f09f8f1061f8c1cf03dfc4b6372848f6",
                "sha256:83516205e254a0cb77d2d7bb3632ee019d93d9f4005de31dca0a8c3667d5bc04",
                "sha256:851cf4ff24062c6aec510a454b2584f6e998cada52d4cb58c5e233d07172e50c",
                "sha256:8f830ed581b45b82451a40faabb89c84e1a998124ee4212d440e9c6cf70083e5",
                "sha256:94e2565443291bd778421856bc975d351738963071e9b8839ca1fc08b42d4bef",
                "sha256:95203854f974e07af96358c0b261f1048d8e1083f2de9b1c565e1be4a3a48cfc",
                "sha256:97117225cdd992a9c2a5515db1f66b59db634f59d0679ca1fa3fe8da32749cae",
                "sha256:98e8a10b7a314f454d9eff4216a9a94d143a7ee65018dd12442e898ee2310578",
                "sha256:a1170fa54185845505fbfa672f1c1ab175446c887cce8212c44149581cf2d466",
                "sha256:a6b7d95969b8845250586f269e81e5dfdd8ff828ddeb8567a4a2eaa7313460c4",
                "sha256:a8fb6cf131ac4070c9c5a3e21de0f7dc5a0fbe8bc77c9456ced896c12fcdad91",
                "sha256:af4fffaffc4067232253715065e30c5a7ec6faac36f8fc8d6f64263b15f74db0",
                "sha256:b4a5be1748d538a710f87542f22c2cad22f80545a847ad91ce45e77417293eb4",
                "sha256:b5604380f3415ba69de87a289a2b56687faa4fe04dbee0754bfcae433489316b",
                "sha256:b9023e237f4c02ff739581ef35969c3739445fb059b060ca51771e69101efffe",
                "sha256:bc8ef5e043a2af066fa8cbfc6e708d58017024dc4345a1f9757b329a249f041b",
                "sha256:c4ed2820d919351f4167e52425e096af41bfabacb1857186c1ea32ff9983ed75",
                "sha256:cca4435eebea7962a52bdb216dec27215d0df64cf27fc1dd538415f5d2b9da6b",
                "sha256:d900bb429fdfd7f511f868cedd03a6bbb142f3f9118c09b99ef8dc9bf9643c3c",
                "sha256:d9ecf0829c6a62b9b573c7bb6d4dcd6ba8b6f80be9ba4fc7ed50bf4ac9aecd72",
                "sha256:dbdb91cd8c048c2b09eb17713b0c12a54fbd587d79adcebad543bc0cd9a3410b",
                "sha256:de3001a203182842a4630e7b8d1a2c7c07ec1b45d3084a83d5d227a3806f530f",
                "sha256:e07f4a4a9b41583d6eabec04f8b68076ab3cd44c20bd29332c6572dda36f372e",
                "sha256:ef8674b0ee8cc11e2d574e3e2998aea5df5ab242e012286824ea3c6970580e53",
                "sha256:f4f05d88d9a80ad3cac6244d36dd89a3c00abc16371769f1340101d3cb899fc3",
                "sha256:f642e90754ee3e06b0e7e51bce3379590e76b7f76b708e1a71ff043f87025c84",
                "sha256:fc2af30ed0d5ae0b1abdb4ebdce598eafd5b35397d4d75deb341a614d333d987"
            ],
            "markers": "python_version >= '3.7'",
            "version": "==6.5.0"
        },
        "factory-boy": {
            "hashes": [
                "sha256:a98d277b0c047c75eb6e4ab8508a7f81fb03d2cb21986f627913546ef7a2a55e",
                "sha256:eb02a7dd1b577ef606b75a253b9818e6f9eaf996d94449c9d5ebb124f90dc795"
            ],
            "markers": "python_version >= '3.6'",
            "version": "==3.2.1"
        },
        "faker": {
            "hashes": [
                "sha256:1dc2811f20e163892fefe7006f2ce00778f8099a40aee265bfa60a13400de63d",
                "sha256:aa7103805ae793277abbb85da9f6f05e76a1a295a9384a8e17c2fba2b3a690cb"
            ],
            "markers": "python_full_version >= '3.6.0'",
            "version": "==12.0.1"
        },
        "flake8": {
            "hashes": [
                "sha256:6fbe320aad8d6b95cec8b8e47bc933004678dc63095be98528b7bdd2a9f510db",
                "sha256:7a1cf6b73744f5806ab95e526f6f0d8c01c66d7bbe349562d22dfca20610b248"
            ],
            "index": "pypi",
            "version": "==5.0.4"
        },
        "freezegun": {
            "hashes": [
                "sha256:cd22d1ba06941384410cd967d8a99d5ae2442f57dfafeff2fda5de8dc5c05446",
                "sha256:ea1b963b993cb9ea195adbd893a48d573fda951b0da64f60883d7e988b606c9f"
            ],
            "index": "pypi",
            "version": "==1.2.2"
        },
        "inflection": {
            "hashes": [
                "sha256:1a29730d366e996aaacffb2f1f1cb9593dc38e2ddd30c91250c6dde09ea9b417",
                "sha256:f38b2b640938a4f35ade69ac3d053042959b62a0f1076a5bbaa1b9526605a8a2"
            ],
            "markers": "python_version >= '3.5'",
            "version": "==0.5.1"
        },
        "iniconfig": {
            "hashes": [
                "sha256:011e24c64b7f47f6ebd835bb12a743f2fbe9a26d4cecaa7f53bc4f35ee9da8b3",
                "sha256:bc3af051d7d14b2ee5ef9969666def0cd1a000e121eaea580d4a313df4b37f32"
            ],
            "version": "==1.1.1"
        },
        "mccabe": {
            "hashes": [
                "sha256:348e0240c33b60bbdf4e523192ef919f28cb2c3d7d5c7794f74009290f236325",
                "sha256:6c2d30ab6be0e4a46919781807b4f0d834ebdd6c6e3dca0bda5a15f863427b6e"
            ],
            "markers": "python_version >= '3.6'",
            "version": "==0.7.0"
        },
        "packaging": {
            "hashes": [
                "sha256:dd47c42927d89ab911e606518907cc2d3a1f38bbd026385970643f9c5b8ecfeb",
                "sha256:ef103e05f519cdc783ae24ea4e2e0f508a9c99b2d4969652eed6a2e1ea5bd522"
            ],
            "markers": "python_version >= '3.6'",
            "version": "==21.3"
        },
        "pluggy": {
            "hashes": [
                "sha256:4224373bacce55f955a878bf9cfa763c1e360858e330072059e10bad68531159",
                "sha256:74134bbf457f031a36d68416e1509f34bd5ccc019f0bcc952c7b909d06b37bd3"
            ],
            "markers": "python_version >= '3.6'",
            "version": "==1.0.0"
        },
        "psycopg2-binary": {
            "hashes": [
                "sha256:02cde837df012fa5d579b9cf4bc8e1feb460f38d61f7a4ab4a919d55a9f6eeef",
                "sha256:044b6ab68613de7ea1e63856627deea091bfea09dea5ab4f050b13250fd18cab",
                "sha256:0a9465f0aa36480c8e7614991cbe8ca8aa16b0517c5398a49648ce345e446c19",
                "sha256:0d8e0c9eec79fe1ae66691e06e3cc714da6fbd77981209bf32fa823c03dbaff8",
                "sha256:0eae72190be519bf2629062eab7ac8d4ceec5bd132953cefa1596584d86964fe",
                "sha256:15e0ac0ed8a85f6049e836e95ddee627766561c85be8d23f4b3edb6ddbaa7310",
                "sha256:161dc52a617f0bb610a87d391cb2e77fe65b89ebfbd752f4f3217dde701ea196",
                "sha256:181ac372a5a5308b4076933601a9b5f0cd139b389b0aa5e164786a2abbcdb978",
                "sha256:1c22c59ab7d9dc110d409445f111f58556bf699b0548f3fc5176684a29c629c4",
                "sha256:226f11be577b70a57f4910c0ee28591d4d9fcb3d455e966267179156ae2e0c41",
                "sha256:24d627ed69e754c48dd142a914124858c600b4108c92546eb0ba822e63c0c6e2",
                "sha256:2535f44b00f26f6af0e949c825e6aecb9adcb56c965c17af5b97137fb69f00c0",
                "sha256:25e0517ad7ee3c5c3c69dbe3c1d95504c811e42f452b39a3505d0763b1f6caa0",
                "sha256:2903bf90b1e6bfc9bbfc94a1db0b50ffa9830a0ca4c042fbc38d93890c02ce08",
                "sha256:2f1ded23d17af0d738e7e78087f0b88a53228887845b1989b03af4dfd3fef703",
                "sha256:30200b07779446760813eef06098ec6d084131e4365b4e023eb43100de758b11",
                "sha256:33ac8b4754e6b6b21f3ee180da169d8526d91aee9408ec1fc573c16ab32b0207",
                "sha256:34fd249275faa782c3a2016e86ac2330636ac58d731a1580e7d686e3976b9536",
                "sha256:44f5dc9b4384bafca8429759ce76c8960ffc2b583fcad9e5dfb3e5f4894269e4",
                "sha256:451550e0bb5889bbabbf92575a6d6eafced941cc28c86be6ae4667f81bf32d67",
                "sha256:52383e932e6de5595963f9178cf2af7b9e1f3daacf5135b9c0e21aabbc5bf7c4",
                "sha256:55137faec669c4277c5687c6ce7c1fbc4dece0e2f14256ee808f4a652f0a2170",
                "sha256:576b9dfbcd154a0e8b5d9dae6316d037450e64a3b31df87dec71d88e2a2d5e5f",
                "sha256:59a3010d566a48b919490a982f6807f68842686941dc12d568e129d9cd7703d6",
                "sha256:61c6a258469c66412ae8358a0501df6ccb3bb48aa9c43b56624571ff9767f91d",
                "sha256:63edc507f8cbfbb5903adb75bad8a99f9798981c854df9119dbebab2ec3ee0e1",
                "sha256:65d5f4e70a2d3fbaa1349236968792611088f3f2dccead36c1626e1d183cc327",
                "sha256:6a1618260a112a9c93504511f0b6254b4402a8c41b7130dc6d4c9e39aff3aa0c",
                "sha256:704f1fcdc5b606b70563ea696c69bda90caee3a2f45ffc9cee60a901b394a79f",
                "sha256:7751b11cd7f6b952b4b5ec5b93b5be9ce20faba786c18c25c354f5d8717a173c",
                "sha256:7ad9d032dc1a31a86ca7b059f43554a049a2bfda8fe32d1492ad25f6686aff03",
                "sha256:7b01d07006a0ac2216921b69a220b9f0974345d0b1b36efaeabdc7550b1cc4f8",
                "sha256:7b47643c45e7619788c081d42e1d9d98c7c8a4933010a9967d097cc3c4c29f41",
                "sha256:80ed219ce6cb21a5b53ead0edf5b56b6d23de4cb95389ac606f47670474f4816",
                "sha256:82df4a8600999c4c0cb7d6614df1bbdb3c74732f63e79f78487893ffbed3d083",
                "sha256:8660112e9127a019969a23c878e1b4a419e8a6427f9a9050c19830f152628c8a",
                "sha256:89a86c2b35460700d04b4d6461153ab39ee85af5a5385acac9563a8310e6320a",
                "sha256:8d7bc25729bb6d96b44f49ad78fde0e27a1a867cb205322b7e5f5b49e04d6f1f",
                "sha256:97e4f3d9b17d12e7c00cb1c29c0040044135cd5146838da4274615dbe0baae78",
                "sha256:a431deb6ffdfa551f7400b3a94fa4b964837e67f49e3c37aa26d90dc75970816",
                "sha256:a6a2d3d75d8698dee492f4af7ad07606d0734e581edf9e2ce2f74b6fce90f42e",
                "sha256:ae5b41dbf7731b838021923edfbe3b5ccdec84d92d5795f5229c0d08d32509d9",
                "sha256:aff258af03dda9a990960a53759d10c3a9b936837c71fe2f3b581acd356b9121",
                "sha256:b216a15e13f6e763db40ac3beb74b588650bc030d10a78fde182b88d273b82b5",
                "sha256:b23b25b1243576b952689966205ef7d4285688068b966a1ca0e620bcb390d483",
                "sha256:b896637091cde69d170a89253dde9aee814b25ca204b7e213fd0a6462e666638",
                "sha256:d5f27b1d1b56470385faa2b2636fcb823e7ac5b5b734e0aa76b14637c66eb3b7",
                "sha256:d6ba33f39436191ece7ea2b3d0b4dff00af71acd5c6e6f1d6b7563aa7286e9f2",
                "sha256:d6c5e1df6f427d7a82606cf8f07cf3ba9fb3f366804b01e65f1f00f8df6b54f1",
                "sha256:e02f77b620ad6b36564fe41980865436912e21a3b1138cdde175cf24afde1bc5",
                "sha256:e72491d72870c3cb2f0d6f4174485533caec0e9ed7e717e2859b7cc7ff2ae1c4",
                "sha256:ea8d5cd689fa7225d81ae0a049ba03e0165f4ed9ca083b19a405be9ad0b36845",
                "sha256:eb5341fc7c53fdd95ac2415be77b1de854ab266488cff71174ebb007baf0e675",
                "sha256:edf0a66ce9517365c7dcfed597894d8dd1f27b59e550b77a089054101435213b",
                "sha256:f225784812b2b57d340f2eb0d2cebef989dcc82c288f5553e28ee9767c7c8344",
                "sha256:f5fbb3b325c65010e04af206a9243e2df8606736c510c7f268aca6a93e5294a9",
                "sha256:f78cafa25731e0b5aa16fe20bea1abf643d4e853f6bfb8a64421b06b878e2b88",
                "sha256:fb639a0e65dce4a9cccbcbdd8ddd0c8c6ab10bca317b827a5c52ac3c3a4ad60a",
                "sha256:ffb2f288f577a748cc23c65a818290755a4c2da1f87a40d7055b61a096d31e20"
            ],
            "index": "pypi",
            "version": "==2.9.4"
        },
        "py": {
            "hashes": [
                "sha256:51c75c4126074b472f746a24399ad32f6053d1b34b68d2fa41e558e6f4a98719",
                "sha256:607c53218732647dff4acdfcd50cb62615cedf612e72d1724fb1a0cc6405b378"
            ],
            "markers": "python_version >= '2.7' and python_version not in '3.0, 3.1, 3.2, 3.3, 3.4'",
            "version": "==1.11.0"
        },
        "pycodestyle": {
            "hashes": [
                "sha256:2c9607871d58c76354b697b42f5d57e1ada7d261c261efac224b664affdc5785",
                "sha256:d1735fc58b418fd7c5f658d28d943854f8a849b01a5d0a1e6f3f3fdd0166804b"
            ],
            "markers": "python_version >= '3.6'",
            "version": "==2.9.1"
        },
        "pyflakes": {
            "hashes": [
                "sha256:4579f67d887f804e67edb544428f264b7b24f435b263c4614f384135cea553d2",
                "sha256:491feb020dca48ccc562a8c0cbe8df07ee13078df59813b83959cbdada312ea3"
            ],
            "markers": "python_version >= '3.6'",
            "version": "==2.5.0"
        },
        "pyparsing": {
            "hashes": [
                "sha256:2b020ecf7d21b687f219b71ecad3631f644a47f01403fa1d1036b0c6416d70fb",
                "sha256:5026bae9a10eeaefb61dab2f09052b9f4307d44aee4eda64b309723d8d206bbc"
            ],
            "markers": "python_full_version >= '3.6.8'",
            "version": "==3.0.9"
        },
        "pytest": {
            "hashes": [
                "sha256:1377bda3466d70b55e3f5cecfa55bb7cfcf219c7964629b967c37cf0bda818b7",
                "sha256:4f365fec2dff9c1162f834d9f18af1ba13062db0c708bf7b946f8a5c76180c39"
            ],
            "index": "pypi",
            "version": "==7.1.3"
        },
        "pytest-cov": {
            "hashes": [
                "sha256:2feb1b751d66a8bd934e5edfa2e961d11309dc37b73b0eabe73b5945fee20f6b",
                "sha256:996b79efde6433cdbd0088872dbc5fb3ed7fe1578b68cdbba634f14bb8dd0470"
            ],
            "index": "pypi",
            "version": "==4.0.0"
        },
        "pytest-django": {
            "hashes": [
                "sha256:c60834861933773109334fe5a53e83d1ef4828f2203a1d6a0fa9972f4f75ab3e",
                "sha256:d9076f759bb7c36939dbdd5ae6633c18edfc2902d1a69fdbefd2426b970ce6c2"
            ],
            "index": "pypi",
            "version": "==4.5.2"
        },
        "pytest-factoryboy": {
            "hashes": [
                "sha256:37c6b3a17689b197025260ad06047d0dd8ec54a70556995b22617e9df1fd8797",
                "sha256:8abcfe5396a2cadf0b2d6fc1ba607d05f191db915eac95733ab741cb30968a46"
            ],
            "index": "pypi",
            "version": "==2.5.0"
        },
        "pytest-mock": {
            "hashes": [
                "sha256:f4c973eeae0282963eb293eb173ce91b091a79c1334455acfac9ddee8a1c784b",
                "sha256:fbbdb085ef7c252a326fd8cdcac0aa3b1333d8811f131bdcc701002e1be7ed4f"
            ],
            "index": "pypi",
            "version": "==3.10.0"
        },
        "python-dateutil": {
            "hashes": [
                "sha256:0123cacc1627ae19ddf3c27a5de5bd67ee4586fbdd6440d9748f8abb483d3e86",
                "sha256:961d03dc3453ebbc59dbdea9e4e11c5651520a876d0f4db161e8674aae935da9"
            ],
            "markers": "python_version >= '2.7' and python_version not in '3.0, 3.1, 3.2, 3.3'",
            "version": "==2.8.2"
        },
        "six": {
            "hashes": [
                "sha256:1e61c37477a1626458e36f7b1d82aa5c9b094fa4802892072e49de9c60c4c926",
                "sha256:8abb2f1d86890a2dfb989f9a77cfcfd3e47c2a354b01111771326f8aa26e0254"
            ],
            "markers": "python_version >= '2.7' and python_version not in '3.0, 3.1, 3.2, 3.3'",
            "version": "==1.16.0"
        },
        "tomli": {
            "hashes": [
                "sha256:939de3e7a6161af0c887ef91b7d41a53e7c5a1ca976325f429cb46ea9bc30ecc",
                "sha256:de526c12914f0c550d15924c62d72abc48d6fe7364aa87328337a31007fe8a4f"
            ],
            "markers": "python_version >= '3.7'",
            "version": "==2.0.1"
        },
        "typing-extensions": {
            "hashes": [
                "sha256:1511434bb92bf8dd198c12b1cc812e800d4181cfcb867674e0f8279cc93087aa",
                "sha256:16fa4864408f655d35ec496218b85f79b3437c829e93320c7c9215ccfd92489e"
            ],
            "markers": "python_version >= '3.7'",
            "version": "==4.4.0"
        }
    }
}
